# THIS IS AN AUTOGENERATED FILE. DO NOT EDIT THIS FILE DIRECTLY.
# yarn lockfile v1


"@babel/parser@^7.20.15", "@babel/parser@^7.21.3":
  "version" "7.22.4"

"@babel/runtime-corejs3@^7.11.2":
  "integrity" "sha512-6bdmknScYKmt8I9VjsJuKKGr+TwUb555FTf6tT1P/ANlCjTHCiYLhiQ4X/O7J731w5NOqu8c1aYHEVuOwPz7jA=="
  "resolved" "https://registry.npmjs.org/@babel/runtime-corejs3/-/runtime-corejs3-7.22.3.tgz"
  "version" "7.22.3"
  dependencies:
    "core-js-pure" "^3.30.2"
    "regenerator-runtime" "^0.13.11"

"@babel/runtime@^7.11.2":
  "integrity" "sha512-XsDuspWKLUsxwCp6r7EhsExHtYfbe5oAGQ19kqngTdCPUoPQzOPdUbD/pB9PJiwb2ptYKQDjSJT3R6dC+EPqfQ=="
  "resolved" "https://registry.npmjs.org/@babel/runtime/-/runtime-7.22.3.tgz"
  "version" "7.22.3"
  dependencies:
    "regenerator-runtime" "^0.13.11"

"@ctrl/tinycolor@^3.4.1":
  "version" "3.6.0"

"@element-plus/icons-vue@^2.0.6":
  "version" "2.1.0"

"@esbuild/win32-x64@0.17.19":
  "version" "0.17.19"

"@floating-ui/core@^1.2.6":
  "version" "1.2.6"

"@floating-ui/dom@^1.0.1":
  "version" "1.2.9"
  dependencies:
    "@floating-ui/core" "^1.2.6"

"@form-create/component-elm-checkbox@^2.5.27":
  "integrity" "sha512-Mt4cgD0J6I8lN+I/bVUp5KuBG4G04vRhEsb2XoIrZKiVuJ5Dq0XrTTx4GAxY3T8O/ex5HmMZLnglUZppGh5g6g=="
  "resolved" "https://registry.npmjs.org/@form-create/component-elm-checkbox/-/component-elm-checkbox-2.5.27.tgz"
  "version" "2.5.27"
  dependencies:
    "@form-create/utils" "^2.5.27"

"@form-create/component-elm-checkbox@^3.1.15":
  "version" "3.1.15"
  dependencies:
    "@form-create/utils" "^3.1.15"

"@form-create/component-elm-frame@^2.5.27":
  "integrity" "sha512-697RpnNm2dDbLiugT+0Q7yFhkhNPlYXskZkMnLzmwBftWi7Cb78v7EZIE/gmVIlAZ3NSqY0mWYM+0ryjQEKQnQ=="
  "resolved" "https://registry.npmjs.org/@form-create/component-elm-frame/-/component-elm-frame-2.5.27.tgz"
  "version" "2.5.27"
  dependencies:
    "@form-create/utils" "^2.5.27"

"@form-create/component-elm-frame@^3.1.15":
  "version" "3.1.15"
  dependencies:
    "@form-create/utils" "^3.1.15"

"@form-create/component-elm-group@^2.5.28":
  "integrity" "sha512-6k9r4R9kPvTaJLmMlHrEfTYQmXVB4N3hDI3d5RqiEX9RdSyBcqdssKvW9O03susNWGbQFRJ5tBAMItURDZJAow=="
  "resolved" "https://registry.npmjs.org/@form-create/component-elm-group/-/component-elm-group-2.5.28.tgz"
  "version" "2.5.28"
  dependencies:
    "@form-create/utils" "^2.5.27"

"@form-create/component-elm-group@^3.1.19":
  "version" "3.1.19"
  dependencies:
    "@form-create/utils" "^3.1.15"

"@form-create/component-elm-radio@^2.5.27":
  "integrity" "sha512-fZWVW+JcL4I8gPrrR9Snt+sd/r6Ek9jGDJEqboqQ+HaYgXTptmvLLigefHqxUU3qize4iDfTJoJ16K0sS2+91g=="
  "resolved" "https://registry.npmjs.org/@form-create/component-elm-radio/-/component-elm-radio-2.5.27.tgz"
  "version" "2.5.27"
  dependencies:
    "@form-create/utils" "^2.5.27"

"@form-create/component-elm-radio@^3.1.15":
  "version" "3.1.15"
  dependencies:
    "@form-create/utils" "^3.1.15"

"@form-create/component-elm-select@^2.5.27":
  "integrity" "sha512-xjI5dImAY51jHTZEBoMIk4+0GfF994IqW/cvj3GHP2zPf2NkKfI1OUVnn55DhlYZg04aMSGpvInETSLeCesE/g=="
  "resolved" "https://registry.npmjs.org/@form-create/component-elm-select/-/component-elm-select-2.5.27.tgz"
  "version" "2.5.27"
  dependencies:
    "@form-create/utils" "^2.5.27"

"@form-create/component-elm-select@^3.1.15":
  "version" "3.1.15"
  dependencies:
    "@form-create/utils" "^3.1.15"

"@form-create/component-elm-tree@^2.5.27":
  "integrity" "sha512-ATzz8hmzRI6XXcVpXywfuldJuCH5s3F+OJAUfSQaTP97+9QhBqyc6CDKotO5ZgAGNfKhLbZ0Ns+tFpFfrju9ZA=="
  "resolved" "https://registry.npmjs.org/@form-create/component-elm-tree/-/component-elm-tree-2.5.27.tgz"
  "version" "2.5.27"
  dependencies:
    "@form-create/utils" "^2.5.27"

"@form-create/component-elm-tree@^3.1.15":
  "version" "3.1.15"
  dependencies:
    "@form-create/utils" "^3.1.15"

"@form-create/component-elm-upload@^2.5.27":
  "integrity" "sha512-1N7YFW/4FTi0HGSBdEL94WmjyQF50BcbXhENcZqMFOfjb4MeFtPlUPL37693bmYc916r2Vx6rEb3Ej2yvHGVBA=="
  "resolved" "https://registry.npmjs.org/@form-create/component-elm-upload/-/component-elm-upload-2.5.27.tgz"
  "version" "2.5.27"
  dependencies:
    "@form-create/utils" "^2.5.27"

"@form-create/component-elm-upload@^3.1.18":
  "version" "3.1.18"
  dependencies:
    "@form-create/utils" "^3.1.15"

"@form-create/component-subform@^2.5.25":
  "integrity" "sha512-puGWWxSOeII4y4mCNxrKF/eH4nY1AQAx87VchzErLmemwF6TtNBLBsJLCCmFAVLYn1koYU5nNu5Y2yG9s2CKlQ=="
  "resolved" "https://registry.npmjs.org/@form-create/component-subform/-/component-subform-2.5.25.tgz"
  "version" "2.5.25"

"@form-create/component-subform@^3.1.5":
  "version" "3.1.5"

"@form-create/component-wangeditor@^2.5.15":
  "integrity" "sha512-U4MUcvaBNEcNbIBeODxYuMlLYR+lZ1zCaZvLP3I+3SOd0KQVjvfRozZku64ukIVxC8Stev/ZNWqpAVsdvFLGaA=="
  "resolved" "https://registry.npmjs.org/@form-create/component-wangeditor/-/component-wangeditor-2.5.15.tgz"
  "version" "2.5.15"
  dependencies:
    "wangeditor" "^4.6.0"

"@form-create/core@^2.5.28":
  "integrity" "sha512-9o6g2kVKZLvA4UBz7G1UG2e0xqHB5p+ipANxJEl3f9ErwNWFGP+mHU320ybxZQkvKU7bOaFz+9L9eQdeDgzyqw=="
  "resolved" "https://registry.npmjs.org/@form-create/core/-/core-2.5.28.tgz"
  "version" "2.5.28"
  dependencies:
    "@form-create/utils" "^2.5.27"

"@form-create/core@^3.1.21":
  "version" "3.1.21"
  dependencies:
    "@form-create/utils" "^3.1.15"

"@form-create/designer@^1.0.10":
  "integrity" "sha512-Lr87K1mHQz5UXcLbZ6ieA/FgJBM1ugAw8MjsF5/WhU6a2Mna2YHQ2ZywL1u+fc0t4Ei+VFBhXUFBvOqUuiseGQ=="
  "resolved" "https://registry.npmjs.org/@form-create/designer/-/designer-1.0.10.tgz"
  "version" "1.0.10"
  dependencies:
    "@form-create/component-wangeditor" "^2.5.15"
    "@form-create/element-ui" "^2.5.19"
    "@form-create/utils" "^2.5.15"

"@form-create/element-ui@^2.5.19":
  "integrity" "sha512-dHpkYDXNY26+FT5zLgU0wy5DM1lwCWR5jC/XxAoM8hMGDISpeiop+lNDPWIvpcYj9Or9uwNpRfK2+ypreA2QQw=="
  "resolved" "https://registry.npmjs.org/@form-create/element-ui/-/element-ui-2.5.28.tgz"
  "version" "2.5.28"
  dependencies:
    "@form-create/component-elm-checkbox" "^2.5.27"
    "@form-create/component-elm-frame" "^2.5.27"
    "@form-create/component-elm-group" "^2.5.28"
    "@form-create/component-elm-radio" "^2.5.27"
    "@form-create/component-elm-select" "^2.5.27"
    "@form-create/component-elm-tree" "^2.5.27"
    "@form-create/component-elm-upload" "^2.5.27"
    "@form-create/component-subform" "^2.5.25"
    "@form-create/core" "^2.5.28"
    "@form-create/utils" "^2.5.27"

"@form-create/element-ui@^3.1.21":
  "integrity" "sha512-+SumVp1fPHa9SyHwd02f3ewfofpUhypFAfemGC2V3HEP1lFYAboLZayH4G7kn6RZd5RgTkfzcpltZTNU7EeIjA=="
  "resolved" "https://registry.npmjs.org/@form-create/element-ui/-/element-ui-3.1.21.tgz"
  "version" "3.1.21"
  dependencies:
    "@form-create/component-elm-checkbox" "^3.1.15"
    "@form-create/component-elm-frame" "^3.1.15"
    "@form-create/component-elm-group" "^3.1.19"
    "@form-create/component-elm-radio" "^3.1.15"
    "@form-create/component-elm-select" "^3.1.15"
    "@form-create/component-elm-tree" "^3.1.15"
    "@form-create/component-elm-upload" "^3.1.18"
    "@form-create/component-subform" "^3.1.5"
    "@form-create/core" "^3.1.21"
    "@form-create/utils" "^3.1.15"

"@form-create/utils@^2.5.15", "@form-create/utils@^2.5.27":
  "integrity" "sha512-QLzenitKzakxQ8bK8yFYd/9n4eT4E9jKkEneU0yhbjr0ter5uqguGGNJP7gI8waysRAS49VSjQOAY0b4l7mWvg=="
  "resolved" "https://registry.npmjs.org/@form-create/utils/-/utils-2.5.27.tgz"
  "version" "2.5.27"

"@form-create/utils@^3.1.15":
  "version" "3.1.15"

"@jridgewell/sourcemap-codec@^1.4.13":
  "version" "1.4.15"

"@popperjs/core@npm:@sxzz/popperjs-es@^2.11.7":
  "version" "2.11.7"

"@types/lodash-es@*", "@types/lodash-es@^4.17.6":
  "version" "4.17.7"
  dependencies:
    "@types/lodash" "*"

"@types/lodash@*", "@types/lodash@^4.14.182":
  "version" "4.14.195"

"@types/web-bluetooth@^0.0.16":
  "version" "0.0.16"

"@vitejs/plugin-vue@^4.1.0":
  "version" "4.2.3"

"@volar/language-core@1.6.9":
  "version" "1.6.9"
  dependencies:
    "@volar/source-map" "1.6.9"

"@volar/source-map@1.6.9":
  "version" "1.6.9"
  dependencies:
    "muggle-string" "^0.3.1"

"@volar/typescript@1.6.9":
  "version" "1.6.9"
  dependencies:
    "@volar/language-core" "1.6.9"

"@vue/compiler-core@3.3.4":
  "version" "3.3.4"
  dependencies:
    "@babel/parser" "^7.21.3"
    "@vue/shared" "3.3.4"
    "estree-walker" "^2.0.2"
    "source-map-js" "^1.0.2"

"@vue/compiler-dom@^3.3.0", "@vue/compiler-dom@3.3.4":
  "version" "3.3.4"
  dependencies:
    "@vue/compiler-core" "3.3.4"
    "@vue/shared" "3.3.4"

"@vue/compiler-sfc@3.3.4":
  "version" "3.3.4"
  dependencies:
    "@babel/parser" "^7.20.15"
    "@vue/compiler-core" "3.3.4"
    "@vue/compiler-dom" "3.3.4"
    "@vue/compiler-ssr" "3.3.4"
    "@vue/reactivity-transform" "3.3.4"
    "@vue/shared" "3.3.4"
    "estree-walker" "^2.0.2"
    "magic-string" "^0.30.0"
    "postcss" "^8.1.10"
    "source-map-js" "^1.0.2"

"@vue/compiler-ssr@3.3.4":
  "version" "3.3.4"
  dependencies:
    "@vue/compiler-dom" "3.3.4"
    "@vue/shared" "3.3.4"

"@vue/language-core@1.7.8":
  "version" "1.7.8"
  dependencies:
    "@volar/language-core" "1.6.9"
    "@volar/source-map" "1.6.9"
    "@vue/compiler-dom" "^3.3.0"
    "@vue/reactivity" "^3.3.0"
    "@vue/shared" "^3.3.0"
    "minimatch" "^9.0.0"
    "muggle-string" "^0.3.1"
    "vue-template-compiler" "^2.7.14"

"@vue/reactivity-transform@3.3.4":
  "version" "3.3.4"
  dependencies:
    "@babel/parser" "^7.20.15"
    "@vue/compiler-core" "3.3.4"
    "@vue/shared" "3.3.4"
    "estree-walker" "^2.0.2"
    "magic-string" "^0.30.0"

"@vue/reactivity@^3.3.0", "@vue/reactivity@3.3.4":
  "version" "3.3.4"
  dependencies:
    "@vue/shared" "3.3.4"

"@vue/runtime-core@3.3.4":
  "version" "3.3.4"
  dependencies:
    "@vue/reactivity" "3.3.4"
    "@vue/shared" "3.3.4"

"@vue/runtime-dom@3.3.4":
  "version" "3.3.4"
  dependencies:
    "@vue/runtime-core" "3.3.4"
    "@vue/shared" "3.3.4"
    "csstype" "^3.1.1"

"@vue/server-renderer@3.3.4":
  "version" "3.3.4"
  dependencies:
    "@vue/compiler-ssr" "3.3.4"
    "@vue/shared" "3.3.4"

"@vue/shared@^3.3.0", "@vue/shared@3.3.4":
  "version" "3.3.4"

"@vue/typescript@1.7.8":
  "version" "1.7.8"
  dependencies:
    "@volar/typescript" "1.6.9"
    "@vue/language-core" "1.7.8"

"@vueuse/core@^9.1.0":
  "version" "9.13.0"
  dependencies:
    "@types/web-bluetooth" "^0.0.16"
    "@vueuse/metadata" "9.13.0"
    "@vueuse/shared" "9.13.0"
    "vue-demi" "*"

"@vueuse/metadata@9.13.0":
  "version" "9.13.0"

"@vueuse/shared@9.13.0":
  "version" "9.13.0"
  dependencies:
    "vue-demi" "*"

"async-validator@^4.2.5":
  "version" "4.2.5"

"balanced-match@^1.0.0":
  "version" "1.0.2"

"brace-expansion@^2.0.1":
  "version" "2.0.1"
  dependencies:
    "balanced-match" "^1.0.0"

"core-js-pure@^3.30.2":
  "integrity" "sha512-p/npFUJXXBkCCTIlEGBdghofn00jWG6ZOtdoIXSJmAu2QBvN0IqpZXWweOytcwE6cfx8ZvVUy1vw8zxhe4Y2vg=="
  "resolved" "https://registry.npmjs.org/core-js-pure/-/core-js-pure-3.30.2.tgz"
  "version" "3.30.2"

"csstype@^3.1.1":
  "version" "3.1.2"

"dayjs@^1.11.3":
  "version" "1.11.7"

"de-indent@^1.0.2":
  "version" "1.0.2"

"element-plus@^2.3.5":
  "version" "2.3.5"
  dependencies:
    "@ctrl/tinycolor" "^3.4.1"
    "@element-plus/icons-vue" "^2.0.6"
    "@floating-ui/dom" "^1.0.1"
    "@popperjs/core" "npm:@sxzz/popperjs-es@^2.11.7"
    "@types/lodash" "^4.14.182"
    "@types/lodash-es" "^4.17.6"
    "@vueuse/core" "^9.1.0"
    "async-validator" "^4.2.5"
    "dayjs" "^1.11.3"
    "escape-html" "^1.0.3"
    "lodash" "^4.17.21"
    "lodash-es" "^4.17.21"
    "lodash-unified" "^1.0.2"
    "memoize-one" "^6.0.0"
    "normalize-wheel-es" "^1.2.0"

"esbuild@^0.17.5":
  "version" "0.17.19"
  optionalDependencies:
    "@esbuild/android-arm" "0.17.19"
    "@esbuild/android-arm64" "0.17.19"
    "@esbuild/android-x64" "0.17.19"
    "@esbuild/darwin-arm64" "0.17.19"
    "@esbuild/darwin-x64" "0.17.19"
    "@esbuild/freebsd-arm64" "0.17.19"
    "@esbuild/freebsd-x64" "0.17.19"
    "@esbuild/linux-arm" "0.17.19"
    "@esbuild/linux-arm64" "0.17.19"
    "@esbuild/linux-ia32" "0.17.19"
    "@esbuild/linux-loong64" "0.17.19"
    "@esbuild/linux-mips64el" "0.17.19"
    "@esbuild/linux-ppc64" "0.17.19"
    "@esbuild/linux-riscv64" "0.17.19"
    "@esbuild/linux-s390x" "0.17.19"
    "@esbuild/linux-x64" "0.17.19"
    "@esbuild/netbsd-x64" "0.17.19"
    "@esbuild/openbsd-x64" "0.17.19"
    "@esbuild/sunos-x64" "0.17.19"
    "@esbuild/win32-arm64" "0.17.19"
    "@esbuild/win32-ia32" "0.17.19"
    "@esbuild/win32-x64" "0.17.19"

"escape-html@^1.0.3":
  "version" "1.0.3"

"estree-walker@^2.0.2":
  "version" "2.0.2"

"form-gen-parser@^1.0.3":
  "integrity" "sha512-qwYIyY+itpFKRuKU06eR25XHq1/dBbUPuL+E36cv72enrxcuE1l0fi84HubbdfAZ9j4D/0biPnMVWLrdfZ86OA=="
  "resolved" "https://registry.npmjs.org/form-gen-parser/-/form-gen-parser-1.0.3.tgz"
  "version" "1.0.3"
  dependencies:
    "form-gen-render" "^1.0.0"

"form-gen-render@^1.0.0":
  "integrity" "sha512-k/cSx8ZNIjahBA0r1Rwu7zeu3auKFMQR6RaD7A/DRRyv/1BDme7jjZ8B80Y1wnTNMYQPB9DOK6mrDADHtFlCGg=="
  "resolved" "https://registry.npmjs.org/form-gen-render/-/form-gen-render-1.0.4.tgz"
  "version" "1.0.4"

"he@^1.2.0":
  "version" "1.2.0"

"lodash-es@*", "lodash-es@^4.17.21":
  "version" "4.17.21"

"lodash-unified@^1.0.2":
  "version" "1.0.3"

"lodash@*", "lodash@^4.17.21":
  "version" "4.17.21"

"lru-cache@^6.0.0":
  "version" "6.0.0"
  dependencies:
    "yallist" "^4.0.0"

"magic-string@^0.30.0":
  "version" "0.30.0"
  dependencies:
    "@jridgewell/sourcemap-codec" "^1.4.13"

"memoize-one@^6.0.0":
  "version" "6.0.0"

"minimatch@^9.0.0":
  "version" "9.0.1"
  dependencies:
    "brace-expansion" "^2.0.1"

"muggle-string@^0.3.1":
  "version" "0.3.1"

"nanoid@^3.3.6":
  "version" "3.3.6"

"normalize-wheel-es@^1.2.0":
  "version" "1.2.0"

"picocolors@^1.0.0":
  "version" "1.0.0"

"postcss@^8.1.10", "postcss@^8.4.23":
  "version" "8.4.24"
  dependencies:
    "nanoid" "^3.3.6"
    "picocolors" "^1.0.0"
    "source-map-js" "^1.0.2"

"regenerator-runtime@^0.13.11":
  "integrity" "sha512-kY1AZVr2Ra+t+piVaJ4gxaFaReZVH40AKNo7UCX6W+dEwBo/2oZJzqfuN1qLq1oL45o56cPaTXELwrTh8Fpggg=="
  "resolved" "https://registry.npmjs.org/regenerator-runtime/-/regenerator-runtime-0.13.11.tgz"
  "version" "0.13.11"

"rollup@^3.21.0":
  "version" "3.23.0"
  optionalDependencies:
    "fsevents" "~2.3.2"

"semver@^7.3.8":
  "version" "7.5.1"
  dependencies:
    "lru-cache" "^6.0.0"

"source-map-js@^1.0.2":
  "version" "1.0.2"

"tslib@^2.1.0":
  "integrity" "sha512-5svOrSA2w3iGFDs1HibEVBGbDrAY82bFQ3HZ3ixB+88nsbsWQoKqDRb5UBYAUPEzbBn6dAp5gRNXglySbx1MlA=="
  "resolved" "https://registry.npmjs.org/tslib/-/tslib-2.5.2.tgz"
  "version" "2.5.2"

"typescript@*", "typescript@^5.0.2":
  "version" "5.0.4"

"vite@^4.0.0", "vite@^4.3.9":
  "version" "4.3.9"
  dependencies:
    "esbuild" "^0.17.5"
    "postcss" "^8.4.23"
    "rollup" "^3.21.0"
  optionalDependencies:
    "fsevents" "~2.3.2"

"vue-demi@*":
  "version" "0.14.5"

"vue-template-compiler@^2.7.14":
  "version" "2.7.14"
  dependencies:
    "de-indent" "^1.0.2"
    "he" "^1.2.0"

"vue-tsc@^1.4.2":
  "version" "1.7.8"
  dependencies:
    "@vue/language-core" "1.7.8"
    "@vue/typescript" "1.7.8"
    "semver" "^7.3.8"

"vue@^3.0.0-0 || ^2.6.0", "vue@^3.1.0", "vue@^3.2.0", "vue@^3.2.25", "vue@^3.2.47", "vue@3.3.4":
  "version" "3.3.4"
  dependencies:
    "@vue/compiler-dom" "3.3.4"
    "@vue/compiler-sfc" "3.3.4"
    "@vue/runtime-dom" "3.3.4"
    "@vue/server-renderer" "3.3.4"
    "@vue/shared" "3.3.4"

"wangeditor@^4.6.0":
  "integrity" "sha512-aPTdREd8BxXVyJ5MI+LU83FQ7u1EPd341iXIorRNYSOvoimNoZ4nPg+yn3FGbB93/owEa6buLw8wdhYnMCJQLg=="
  "resolved" "https://registry.npmjs.org/wangeditor/-/wangeditor-4.7.15.tgz"
  "version" "4.7.15"
  dependencies:
    "@babel/runtime" "^7.11.2"
    "@babel/runtime-corejs3" "^7.11.2"
    "tslib" "^2.1.0"

"yallist@^4.0.0":
  "version" "4.0.0"
